// !$*UTF8*$!
{
	archiveVersion = 1;
	classes = {
	};
	objectVersion = 56;
	objects = {

/* Begin PBXBuildFile section */
		ADEB9CF129AA2F5500CD6023 /* AppDelegate.swift in Sources */ = {isa = PBXBuildFile; fileRef = ADEB9CF029AA2F5500CD6023 /* AppDelegate.swift */; };
		ADEB9CF329AA2F5500CD6023 /* SceneDelegate.swift in Sources */ = {isa = PBXBuildFile; fileRef = ADEB9CF229AA2F5500CD6023 /* SceneDelegate.swift */; };
		ADEB9CF529AA2F5500CD6023 /* ViewController.swift in Sources */ = {isa = PBXBuildFile; fileRef = ADEB9CF429AA2F5500CD6023 /* ViewController.swift */; };
		ADEB9CF829AA2F5500CD6023 /* Main.storyboard in Resources */ = {isa = PBXBuildFile; fileRef = ADEB9CF629AA2F5500CD6023 /* Main.storyboard */; };
		ADEB9CFA29AA2F5500CD6023 /* Assets.xcassets in Resources */ = {isa = PBXBuildFile; fileRef = ADEB9CF929AA2F5500CD6023 /* Assets.xcassets */; };
		ADEB9CFD29AA2F5500CD6023 /* LaunchScreen.storyboard in Resources */ = {isa = PBXBuildFile; fileRef = ADEB9CFB29AA2F5500CD6023 /* LaunchScreen.storyboard */; };
		ADEB9D0529AA624A00CD6023 /* GameViewController.swift in Sources */ = {isa = PBXBuildFile; fileRef = ADEB9D0429AA624A00CD6023 /* GameViewController.swift */; };
		ADEB9D0729AA68E600CD6023 /* Game.swift in Sources */ = {isa = PBXBuildFile; fileRef = ADEB9D0629AA68E600CD6023 /* Game.swift */; };
/* End PBXBuildFile section */

/* Begin PBXFileReference section */
		ADEB9CED29AA2F5500CD6023 /* FindNumbers.app */ = {isa = PBXFileReference; explicitFileType = wrapper.application; includeInIndex = 0; path = FindNumbers.app; sourceTree = BUILT_PRODUCTS_DIR; };
		ADEB9CF029AA2F5500CD6023 /* AppDelegate.swift */ = {isa = PBXFileReference; lastKnownFileType = sourcecode.swift; path = AppDelegate.swift; sourceTree = "<group>"; };
		ADEB9CF229AA2F5500CD6023 /* SceneDelegate.swift */ = {isa = PBXFileReference; lastKnownFileType = sourcecode.swift; path = SceneDelegate.swift; sourceTree = "<group>"; };
		ADEB9CF429AA2F5500CD6023 /* ViewController.swift */ = {isa = PBXFileReference; lastKnownFileType = sourcecode.swift; path = ViewController.swift; sourceTree = "<group>"; };
		ADEB9CF729AA2F5500CD6023 /* Base */ = {isa = PBXFileReference; lastKnownFileType = file.storyboard; name = Base; path = Base.lproj/Main.storyboard; sourceTree = "<group>"; };
		ADEB9CF929AA2F5500CD6023 /* Assets.xcassets */ = {isa = PBXFileReference; lastKnownFileType = folder.assetcatalog; path = Assets.xcassets; sourceTree = "<group>"; };
		ADEB9CFC29AA2F5500CD6023 /* Base */ = {isa = PBXFileReference; lastKnownFileType = file.storyboard; name = Base; path = Base.lproj/LaunchScreen.storyboard; sourceTree = "<group>"; };
		ADEB9CFE29AA2F5500CD6023 /* Info.plist */ = {isa = PBXFileReference; lastKnownFileType = text.plist.xml; path = Info.plist; sourceTree = "<group>"; };
		ADEB9D0429AA624A00CD6023 /* GameViewController.swift */ = {isa = PBXFileReference; lastKnownFileType = sourcecode.swift; path = GameViewController.swift; sourceTree = "<group>"; };
		ADEB9D0629AA68E600CD6023 /* Game.swift */ = {isa = PBXFileReference; lastKnownFileType = sourcecode.swift; path = Game.swift; sourceTree = "<group>"; };
/* End PBXFileReference section */

/* Begin PBXFrameworksBuildPhase section */
		ADEB9CEA29AA2F5500CD6023 /* Frameworks */ = {
			isa = PBXFrameworksBuildPhase;
			buildActionMask = 2147483647;
			files = (
			);
			runOnlyForDeploymentPostprocessing = 0;
		};
/* End PBXFrameworksBuildPhase section */

/* Begin PBXGroup section */
		ADEB9CE429AA2F5500CD6023 = {
			isa = PBXGroup;
			children = (
				ADEB9D0629AA68E600CD6023 /* Game.swift */,
				ADEB9D0429AA624A00CD6023 /* GameViewController.swift */,
				ADEB9CEF29AA2F5500CD6023 /* FindNumbers */,
				ADEB9CEE29AA2F5500CD6023 /* Products */,
			);
			sourceTree = "<group>";
		};
		ADEB9CEE29AA2F5500CD6023 /* Products */ = {
			isa = PBXGroup;
			children = (
				ADEB9CED29AA2F5500CD6023 /* FindNumbers.app */,
			);
			name = Products;
			sourceTree = "<group>";
		};
		ADEB9CEF29AA2F5500CD6023 /* FindNumbers */ = {
			isa = PBXGroup;
			children = (
				ADEB9CF029AA2F5500CD6023 /* AppDelegate.swift */,
				ADEB9CF229AA2F5500CD6023 /* SceneDelegate.swift */,
				ADEB9CF429AA2F5500CD6023 /* ViewController.swift */,
				ADEB9CF629AA2F5500CD6023 /* Main.storyboard */,
				ADEB9CF929AA2F5500CD6023 /* Assets.xcassets */,
				ADEB9CFB29AA2F5500CD6023 /* LaunchScreen.storyboard */,
				ADEB9CFE29AA2F5500CD6023 /* Info.plist */,
			);
			path = FindNumbers;
			sourceTree = "<group>";
		};
/* End PBXGroup section */

/* Begin PBXNativeTarget section */
		ADEB9CEC29AA2F5500CD6023 /* FindNumbers */ = {
			isa = PBXNativeTarget;
			buildConfigurationList = ADEB9D0129AA2F5500CD6023 /* Build configuration list for PBXNativeTarget "FindNumbers" */;
			buildPhases = (
				ADEB9CE929AA2F5500CD6023 /* Sources */,
				ADEB9CEA29AA2F5500CD6023 /* Frameworks */,
				ADEB9CEB29AA2F5500CD6023 /* Resources */,
			);
			buildRules = (
			);
			dependencies = (
			);
			name = FindNumbers;
			productName = FindNumbers;
			productReference = ADEB9CED29AA2F5500CD6023 /* FindNumbers.app */;
			productType = "com.apple.product-type.application";
		};
/* End PBXNativeTarget section */

/* Begin PBXProject section */
		ADEB9CE529AA2F5500CD6023 /* Project object */ = {
			isa = PBXProject;
			attributes = {
				BuildIndependentTargetsInParallel = 1;
				LastSwiftUpdateCheck = 1420;
				LastUpgradeCheck = 1420;
				TargetAttributes = {
					ADEB9CEC29AA2F5500CD6023 = {
						CreatedOnToolsVersion = 14.2;
					};
				};
			};
			buildConfigurationList = ADEB9CE829AA2F5500CD6023 /* Build configuration list for PBXProject "FindNumbers" */;
			compatibilityVersion = "Xcode 14.0";
			developmentRegion = en;
			hasScannedForEncodings = 0;
			knownRegions = (
				en,
				Base,
			);
			mainGroup = ADEB9CE429AA2F5500CD6023;
			productRefGroup = ADEB9CEE29AA2F5500CD6023 /* Products */;
			projectDirPath = "";
			projectRoot = "";
			targets = (
				ADEB9CEC29AA2F5500CD6023 /* FindNumbers */,
			);
		};
/* End PBXProject section */

/* Begin PBXResourcesBuildPhase section */
		ADEB9CEB29AA2F5500CD6023 /* Resources */ = {
			isa = PBXResourcesBuildPhase;
			buildActionMask = 2147483647;
			files = (
				ADEB9CFD29AA2F5500CD6023 /* LaunchScreen.storyboard in Resources */,
				ADEB9CFA29AA2F5500CD6023 /* Assets.xcassets in Resources */,
				ADEB9CF829AA2F5500CD6023 /* Main.storyboard in Resources */,
			);
			runOnlyForDeploymentPostprocessing = 0;
		};
/* End PBXResourcesBuildPhase section */

/* Begin PBXSourcesBuildPhase section */
		ADEB9CE929AA2F5500CD6023 /* Sources */ = {
			isa = PBXSourcesBuildPhase;
			buildActionMask = 2147483647;
			files = (
				ADEB9D0529AA624A00CD6023 /* GameViewController.swift in Sources */,
				ADEB9D0729AA68E600CD6023 /* Game.swift in Sources */,
				ADEB9CF529AA2F5500CD6023 /* ViewController.swift in Sources */,
				ADEB9CF129AA2F5500CD6023 /* AppDelegate.swift in Sources */,
				ADEB9CF329AA2F5500CD6023 /* SceneDelegate.swift in Sources */,
			);
			runOnlyForDeploymentPostprocessing = 0;
		};
/* End PBXSourcesBuildPhase section */

/* Begin PBXVariantGroup section */
		ADEB9CF629AA2F5500CD6023 /* Main.storyboard */ = {
			isa = PBXVariantGroup;
			children = (
				ADEB9CF729AA2F5500CD6023 /* Base */,
			);
			name = Main.storyboard;
			sourceTree = "<group>";
		};
		ADEB9CFB29AA2F5500CD6023 /* LaunchScreen.storyboard */ = {
			isa = PBXVariantGroup;
			children = (
				ADEB9CFC29AA2F5500CD6023 /* Base */,
			);
			name = LaunchScreen.storyboard;
			sourceTree = "<group>";
		};
/* End PBXVariantGroup section */

/* Begin XCBuildConfiguration section */
		ADEB9CFF29AA2F5500CD6023 /* Debug */ = {
			isa = XCBuildConfiguration;
			buildSettings = {
				ALWAYS_SEARCH_USER_PATHS = NO;
				CLANG_ANALYZER_NONNULL = YES;
				CLANG_ANALYZER_NUMBER_OBJECT_CONVERSION = YES_AGGRESSIVE;
				CLANG_CXX_LANGUAGE_STANDARD = "gnu++20";
				CLANG_ENABLE_MODULES = YES;
				CLANG_ENABLE_OBJC_ARC = YES;
				CLANG_ENABLE_OBJC_WEAK = YES;
				CLANG_WARN_BLOCK_CAPTURE_AUTORELEASING = YES;
				CLANG_WARN_BOOL_CONVERSION = YES;
				CLANG_WARN_COMMA = YES;
				CLANG_WARN_CONSTANT_CONVERSION = YES;
				CLANG_WARN_DEPRECATED_OBJC_IMPLEMENTATIONS = YES;
				CLANG_WARN_DIRECT_OBJC_ISA_USAGE = YES_ERROR;
				CLANG_WARN_DOCUMENTATION_COMMENTS = YES;
				CLANG_WARN_EMPTY_BODY = YES;
				CLANG_WARN_ENUM_CONVERSION = YES;
				CLANG_WARN_INFINITE_RECURSION = YES;
				CLANG_WARN_INT_CONVERSION = YES;
				CLANG_WARN_NON_LITERAL_NULL_CONVERSION = YES;
				CLANG_WARN_OBJC_IMPLICIT_RETAIN_SELF = YES;
				CLANG_WARN_OBJC_LITERAL_CONVERSION = YES;
				CLANG_WARN_OBJC_ROOT_CLASS = YES_ERROR;
				CLANG_WARN_QUOTED_INCLUDE_IN_FRAMEWORK_HEADER = YES;
				CLANG_WARN_RANGE_LOOP_ANALYSIS = YES;
				CLANG_WARN_STRICT_PROTOTYPES = YES;
				CLANG_WARN_SUSPICIOUS_MOVE = YES;
				CLANG_WARN_UNGUARDED_AVAILABILITY = YES_AGGRESSIVE;
				CLANG_WARN_UNREACHABLE_CODE = YES;
				CLANG_WARN__DUPLICATE_METHOD_MATCH = YES;
				COPY_PHASE_STRIP = NO;
				DEBUG_INFORMATION_FORMAT = dwarf;
				ENABLE_STRICT_OBJC_MSGSEND = YES;
				ENABLE_TESTABILITY = YES;
				GCC_C_LANGUAGE_STANDARD = gnu11;
				GCC_DYNAMIC_NO_PIC = NO;
				GCC_NO_COMMON_BLOCKS = YES;
				GCC_OPTIMIZATION_LEVEL = 0;
				GCC_PREPROCESSOR_DEFINITIONS = (
					"DEBUG=1",
					"$(inherited)",
				);
				GCC_WARN_64_TO_32_BIT_CONVERSION = YES;
				GCC_WARN_ABOUT_RETURN_TYPE = YES_ERROR;
				GCC_WARN_UNDECLARED_SELECTOR = YES;
				GCC_WARN_UNINITIALIZED_AUTOS = YES_AGGRESSIVE;
				GCC_WARN_UNUSED_FUNCTION = YES;
				GCC_WARN_UNUSED_VARIABLE = YES;
				IPHONEOS_DEPLOYMENT_TARGET = 16.2;
				MTL_ENABLE_DEBUG_INFO = INCLUDE_SOURCE;
				MTL_FAST_MATH = YES;
				ONLY_ACTIVE_ARCH = YES;
				SDKROOT = iphoneos;
				SWIFT_ACTIVE_COMPILATION_CONDITIONS = DEBUG;
				SWIFT_OPTIMIZATION_LEVEL = "-Onone";
			};
			name = Debug;
		};
		ADEB9D0029AA2F5500CD6023 /* Release */ = {
			isa = XCBuildConfiguration;
			buildSettings = {
				ALWAYS_SEARCH_USER_PATHS = NO;
				CLANG_ANALYZER_NONNULL = YES;
				CLANG_ANALYZER_NUMBER_OBJECT_CONVERSION = YES_AGGRESSIVE;
				CLANG_CXX_LANGUAGE_STANDARD = "gnu++20";
				CLANG_ENABLE_MODULES = YES;
				CLANG_ENABLE_OBJC_ARC = YES;
				CLANG_ENABLE_OBJC_WEAK = YES;
				CLANG_WARN_BLOCK_CAPTURE_AUTORELEASING = YES;
				CLANG_WARN_BOOL_CONVERSION = YES;
				CLANG_WARN_COMMA = YES;
				CLANG_WARN_CONSTANT_CONVERSION = YES;
				CLANG_WARN_DEPRECATED_OBJC_IMPLEMENTATIONS = YES;
				CLANG_WARN_DIRECT_OBJC_ISA_USAGE = YES_ERROR;
				CLANG_WARN_DOCUMENTATION_COMMENTS = YES;
				CLANG_WARN_EMPTY_BODY = YES;
				CLANG_WARN_ENUM_CONVERSION = YES;
				CLANG_WARN_INFINITE_RECURSION = YES;
				CLANG_WARN_INT_CONVERSION = YES;
				CLANG_WARN_NON_LITERAL_NULL_CONVERSION = YES;
				CLANG_WARN_OBJC_IMPLICIT_RETAIN_SELF = YES;
				CLANG_WARN_OBJC_LITERAL_CONVERSION = YES;
				CLANG_WARN_OBJC_ROOT_CLASS = YES_ERROR;
				CLANG_WARN_QUOTED_INCLUDE_IN_FRAMEWORK_HEADER = YES;
				CLANG_WARN_RANGE_LOOP_ANALYSIS = YES;
				CLANG_WARN_STRICT_PROTOTYPES = YES;
				CLANG_WARN_SUSPICIOUS_MOVE = YES;
				CLANG_WARN_UNGUARDED_AVAILABILITY = YES_AGGRESSIVE;
				CLANG_WARN_UNREACHABLE_CODE = YES;
				CLANG_WARN__DUPLICATE_METHOD_MATCH = YES;
				COPY_PHASE_STRIP = NO;
				DEBUG_INFORMATION_FORMAT = "dwarf-with-dsym";
				ENABLE_NS_ASSERTIONS = NO;
				ENABLE_STRICT_OBJC_MSGSEND = YES;
				GCC_C_LANGUAGE_STANDARD = gnu11;
				GCC_NO_COMMON_BLOCKS = YES;
				GCC_WARN_64_TO_32_BIT_CONVERSION = YES;
				GCC_WARN_ABOUT_RETURN_TYPE = YES_ERROR;
				GCC_WARN_UNDECLARED_SELECTOR = YES;
				GCC_WARN_UNINITIALIZED_AUTOS = YES_AGGRESSIVE;
				GCC_WARN_UNUSED_FUNCTION = YES;
				GCC_WARN_UNUSED_VARIABLE = YES;
				IPHONEOS_DEPLOYMENT_TARGET = 16.2;
				MTL_ENABLE_DEBUG_INFO = NO;
				MTL_FAST_MATH = YES;
				SDKROOT = iphoneos;
				SWIFT_COMPILATION_MODE = wholemodule;
				SWIFT_OPTIMIZATION_LEVEL = "-O";
				VALIDATE_PRODUCT = YES;
			};
			name = Release;
		};
		ADEB9D0229AA2F5500CD6023 /* Debug */ = {
			isa = XCBuildConfiguration;
			buildSettings = {
				ASSETCATALOG_COMPILER_APPICON_NAME = AppIcon;
				ASSETCATALOG_COMPILER_GLOBAL_ACCENT_COLOR_NAME = AccentColor;
				CODE_SIGN_STYLE = Automatic;
				CURRENT_PROJECT_VERSION = 1;
				GENERATE_INFOPLIST_FILE = YES;
				INFOPLIST_FILE = FindNumbers/Info.plist;
				INFOPLIST_KEY_UIApplicationSupportsIndirectInputEvents = YES;
				INFOPLIST_KEY_UILaunchStoryboardName = LaunchScreen;
				INFOPLIST_KEY_UIMainStoryboardFile = Main;
				INFOPLIST_KEY_UISupportedInterfaceOrientations = UIInterfaceOrientationPortrait;
				INFOPLIST_KEY_UISupportedInterfaceOrientations_iPad = "UIInterfaceOrientationLandscapeLeft UIInterfaceOrientationLandscapeRight UIInterfaceOrientationPortrait UIInterfaceOrientationPortraitUpsideDown";
				IPHONEOS_DEPLOYMENT_TARGET = 14.0;
				LD_RUNPATH_SEARCH_PATHS = (
					"$(inherited)",
					"@executable_path/Frameworks",
				);
				MARKETING_VERSION = 1.0;
				PRODUCT_BUNDLE_IDENTIFIER = "com.bbromka27-gmail.FindNumbers";
				PRODUCT_NAME = "$(TARGET_NAME)";
				SUPPORTED_PLATFORMS = "iphoneos iphonesimulator";
				SUPPORTS_MACCATALYST = NO;
				SUPPORTS_MAC_DESIGNED_FOR_IPHONE_IPAD = NO;
				SWIFT_EMIT_LOC_STRINGS = YES;
				SWIFT_VERSION = 5.0;
				TARGETED_DEVICE_FAMILY = 1;
			};
			name = Debug;
		};
		ADEB9D0329AA2F5500CD6023 /* Release */ = {
			isa = XCBuildConfiguration;
			buildSettings = {
				ASSETCATALOG_COMPILER_APPICON_NAME = AppIcon;
				ASSETCATALOG_COMPILER_GLOBAL_ACCENT_COLOR_NAME = AccentColor;
				CODE_SIGN_STYLE = Automatic;
				CURRENT_PROJECT_VERSION = 1;
				GENERATE_INFOPLIST_FILE = YES;
				INFOPLIST_FILE = FindNumbers/Info.plist;
				INFOPLIST_KEY_UIApplicationSupportsIndirectInputEvents = YES;
				INFOPLIST_KEY_UILaunchStoryboardName = LaunchScreen;
				INFOPLIST_KEY_UIMainStoryboardFile = Main;
				INFOPLIST_KEY_UISupportedInterfaceOrientations = UIInterfaceOrientationPortrait;
				INFOPLIST_KEY_UISupportedInterfaceOrientations_iPad = "UIInterfaceOrientationLandscapeLeft UIInterfaceOrientationLandscapeRight UIInterfaceOrientationPortrait UIInterfaceOrientationPortraitUpsideDown";
				IPHONEOS_DEPLOYMENT_TARGET = 14.0;
				LD_RUNPATH_SEARCH_PATHS = (
					"$(inherited)",
					"@executable_path/Frameworks",
				);
				MARKETING_VERSION = 1.0;
				PRODUCT_BUNDLE_IDENTIFIER = "com.bbromka27-gmail.FindNumbers";
				PRODUCT_NAME = "$(TARGET_NAME)";
				SUPPORTED_PLATFORMS = "iphoneos iphonesimulator";
				SUPPORTS_MACCATALYST = NO;
				SUPPORTS_MAC_DESIGNED_FOR_IPHONE_IPAD = NO;
				SWIFT_EMIT_LOC_STRINGS = YES;
				SWIFT_VERSION = 5.0;
				TARGETED_DEVICE_FAMILY = 1;
			};
			name = Release;
		};
/* End XCBuildConfiguration section */

/* Begin XCConfigurationList section */
		ADEB9CE829AA2F5500CD6023 /* Build configuration list for PBXProject "FindNumbers" */ = {
			isa = XCConfigurationList;
			buildConfigurations = (
				ADEB9CFF29AA2F5500CD6023 /* Debug */,
				ADEB9D0029AA2F5500CD6023 /* Release */,
			);
			defaultConfigurationIsVisible = 0;
			defaultConfigurationName = Release;
		};
		ADEB9D0129AA2F5500CD6023 /* Build configuration list for PBXNativeTarget "FindNumbers" */ = {
			isa = XCConfigurationList;
			buildConfigurations = (
				ADEB9D0229AA2F5500CD6023 /* Debug */,
				ADEB9D0329AA2F5500CD6023 /* Release */,
			);
			defaultConfigurationIsVisible = 0;
			defaultConfigurationName = Release;
		};
/* End XCConfigurationList section */
	};
	rootObject = ADEB9CE529AA2F5500CD6023 /* Project object */;
}
